// !$*UTF8*$!
{
	archiveVersion = 1;
	classes = {
	};
	objectVersion = 55;
	objects = {

/* Begin PBXBuildFile section */
		8C50F72629D078470049C355 /* SettingView.swift in Sources */ = {isa = PBXBuildFile; fileRef = 8C50F72529D078470049C355 /* SettingView.swift */; };
		8C50F72829D078590049C355 /* SettingsController.swift in Sources */ = {isa = PBXBuildFile; fileRef = 8C50F72729D078590049C355 /* SettingsController.swift */; };
		8C50F72A29D078720049C355 /* DetailController.swift in Sources */ = {isa = PBXBuildFile; fileRef = 8C50F72929D078720049C355 /* DetailController.swift */; };
		8C50F72C29D078820049C355 /* DetailView.swift in Sources */ = {isa = PBXBuildFile; fileRef = 8C50F72B29D078820049C355 /* DetailView.swift */; };
		8C63FDE729BB907300121C8D /* AppDelegate.swift in Sources */ = {isa = PBXBuildFile; fileRef = 8C63FDE629BB907300121C8D /* AppDelegate.swift */; };
		8C63FDE929BB907300121C8D /* SceneDelegate.swift in Sources */ = {isa = PBXBuildFile; fileRef = 8C63FDE829BB907300121C8D /* SceneDelegate.swift */; };
		8C63FDF029BB907600121C8D /* Assets.xcassets in Resources */ = {isa = PBXBuildFile; fileRef = 8C63FDEF29BB907600121C8D /* Assets.xcassets */; };
		8C63FDF329BB907600121C8D /* LaunchScreen.storyboard in Resources */ = {isa = PBXBuildFile; fileRef = 8C63FDF129BB907600121C8D /* LaunchScreen.storyboard */; };
		8C63FE0029BB98D600121C8D /* TableViewCell.swift in Sources */ = {isa = PBXBuildFile; fileRef = 8C63FDFF29BB98D600121C8D /* TableViewCell.swift */; };
		8C63FE0229BB990F00121C8D /* Model.swift in Sources */ = {isa = PBXBuildFile; fileRef = 8C63FE0129BB990F00121C8D /* Model.swift */; };
/* End PBXBuildFile section */

/* Begin PBXFileReference section */
		8C50F72529D078470049C355 /* SettingView.swift */ = {isa = PBXFileReference; lastKnownFileType = sourcecode.swift; path = SettingView.swift; sourceTree = "<group>"; };
		8C50F72729D078590049C355 /* SettingsController.swift */ = {isa = PBXFileReference; lastKnownFileType = sourcecode.swift; path = SettingsController.swift; sourceTree = "<group>"; };
		8C50F72929D078720049C355 /* DetailController.swift */ = {isa = PBXFileReference; lastKnownFileType = sourcecode.swift; path = DetailController.swift; sourceTree = "<group>"; };
		8C50F72B29D078820049C355 /* DetailView.swift */ = {isa = PBXFileReference; lastKnownFileType = sourcecode.swift; path = DetailView.swift; sourceTree = "<group>"; };
		8C63FDE329BB907300121C8D /* HW-13.app */ = {isa = PBXFileReference; explicitFileType = wrapper.application; includeInIndex = 0; path = "HW-13.app"; sourceTree = BUILT_PRODUCTS_DIR; };
		8C63FDE629BB907300121C8D /* AppDelegate.swift */ = {isa = PBXFileReference; lastKnownFileType = sourcecode.swift; path = AppDelegate.swift; sourceTree = "<group>"; };
		8C63FDE829BB907300121C8D /* SceneDelegate.swift */ = {isa = PBXFileReference; lastKnownFileType = sourcecode.swift; path = SceneDelegate.swift; sourceTree = "<group>"; };
		8C63FDEF29BB907600121C8D /* Assets.xcassets */ = {isa = PBXFileReference; lastKnownFileType = folder.assetcatalog; path = Assets.xcassets; sourceTree = "<group>"; };
		8C63FDF229BB907600121C8D /* Base */ = {isa = PBXFileReference; lastKnownFileType = file.storyboard; name = Base; path = Base.lproj/LaunchScreen.storyboard; sourceTree = "<group>"; };
		8C63FDF429BB907600121C8D /* Info.plist */ = {isa = PBXFileReference; lastKnownFileType = text.plist.xml; path = Info.plist; sourceTree = "<group>"; };
		8C63FDFF29BB98D600121C8D /* TableViewCell.swift */ = {isa = PBXFileReference; lastKnownFileType = sourcecode.swift; path = TableViewCell.swift; sourceTree = "<group>"; };
		8C63FE0129BB990F00121C8D /* Model.swift */ = {isa = PBXFileReference; lastKnownFileType = sourcecode.swift; path = Model.swift; sourceTree = "<group>"; };
/* End PBXFileReference section */

/* Begin PBXFrameworksBuildPhase section */
		8C63FDE029BB907300121C8D /* Frameworks */ = {
			isa = PBXFrameworksBuildPhase;
			buildActionMask = 2147483647;
			files = (
			);
			runOnlyForDeploymentPostprocessing = 0;
		};
/* End PBXFrameworksBuildPhase section */

/* Begin PBXGroup section */
		8C50F72129D0766A0049C355 /* Scenes */ = {
			isa = PBXGroup;
			children = (
				8C50F72429D076A30049C355 /* Controllers */,
				8C50F72329D0769C0049C355 /* Views */,
				8C50F72229D0768D0049C355 /* Model */,
			);
			path = Scenes;
			sourceTree = "<group>";
		};
		8C50F72229D0768D0049C355 /* Model */ = {
			isa = PBXGroup;
			children = (
				8C63FE0129BB990F00121C8D /* Model.swift */,
			);
			path = Model;
			sourceTree = "<group>";
		};
		8C50F72329D0769C0049C355 /* Views */ = {
			isa = PBXGroup;
			children = (
				8C50F72529D078470049C355 /* SettingView.swift */,
				8C50F72B29D078820049C355 /* DetailView.swift */,
				8C63FDFF29BB98D600121C8D /* TableViewCell.swift */,
			);
			path = Views;
			sourceTree = "<group>";
		};
		8C50F72429D076A30049C355 /* Controllers */ = {
			isa = PBXGroup;
			children = (
				8C50F72729D078590049C355 /* SettingsController.swift */,
				8C50F72929D078720049C355 /* DetailController.swift */,
			);
			path = Controllers;
			sourceTree = "<group>";
		};
		8C63FDDA29BB907300121C8D = {
			isa = PBXGroup;
			children = (
				8C63FDE529BB907300121C8D /* HW-13 */,
				8C63FDE429BB907300121C8D /* Products */,
			);
			sourceTree = "<group>";
		};
		8C63FDE429BB907300121C8D /* Products */ = {
			isa = PBXGroup;
			children = (
				8C63FDE329BB907300121C8D /* HW-13.app */,
			);
			name = Products;
			sourceTree = "<group>";
		};
		8C63FDE529BB907300121C8D /* HW-13 */ = {
			isa = PBXGroup;
			children = (
				8C63FDFB29BB914900121C8D /* Resources */,
				8C63FDFA29BB90DC00121C8D /* Sources */,
			);
			path = "HW-13";
			sourceTree = "<group>";
		};
		8C63FDFA29BB90DC00121C8D /* Sources */ = {
			isa = PBXGroup;
			children = (
				8C63FDFE29BB91AE00121C8D /* App */,
				8C63FDFD29BB919E00121C8D /* Storyboards */,
				8C50F72129D0766A0049C355 /* Scenes */,
			);
			path = Sources;
			sourceTree = "<group>";
		};
		8C63FDFB29BB914900121C8D /* Resources */ = {
			isa = PBXGroup;
			children = (
				8C63FDEF29BB907600121C8D /* Assets.xcassets */,
				8C63FDFC29BB916E00121C8D /* Configuration */,
			);
			path = Resources;
			sourceTree = "<group>";
		};
		8C63FDFC29BB916E00121C8D /* Configuration */ = {
			isa = PBXGroup;
			children = (
				8C63FDF429BB907600121C8D /* Info.plist */,
			);
			path = Configuration;
			sourceTree = "<group>";
		};
		8C63FDFD29BB919E00121C8D /* Storyboards */ = {
			isa = PBXGroup;
			children = (
				8C63FDF129BB907600121C8D /* LaunchScreen.storyboard */,
			);
			path = Storyboards;
			sourceTree = "<group>";
		};
		8C63FDFE29BB91AE00121C8D /* App */ = {
			isa = PBXGroup;
			children = (
				8C63FDE629BB907300121C8D /* AppDelegate.swift */,
				8C63FDE829BB907300121C8D /* SceneDelegate.swift */,
			);
			path = App;
			sourceTree = "<group>";
		};
/* End PBXGroup section */

/* Begin PBXNativeTarget section */
		8C63FDE229BB907300121C8D /* HW-13 */ = {
			isa = PBXNativeTarget;
			buildConfigurationList = 8C63FDF729BB907600121C8D /* Build configuration list for PBXNativeTarget "HW-13" */;
			buildPhases = (
				8C63FDDF29BB907300121C8D /* Sources */,
				8C63FDE029BB907300121C8D /* Frameworks */,
				8C63FDE129BB907300121C8D /* Resources */,
			);
			buildRules = (
			);
			dependencies = (
			);
			name = "HW-13";
			productName = "HW-13";
			productReference = 8C63FDE329BB907300121C8D /* HW-13.app */;
			productType = "com.apple.product-type.application";
		};
/* End PBXNativeTarget section */

/* Begin PBXProject section */
		8C63FDDB29BB907300121C8D /* Project object */ = {
			isa = PBXProject;
			attributes = {
				BuildIndependentTargetsInParallel = 1;
				LastSwiftUpdateCheck = 1320;
				LastUpgradeCheck = 1320;
				TargetAttributes = {
					8C63FDE229BB907300121C8D = {
						CreatedOnToolsVersion = 13.2;
					};
				};
			};
			buildConfigurationList = 8C63FDDE29BB907300121C8D /* Build configuration list for PBXProject "HW-13" */;
			compatibilityVersion = "Xcode 13.0";
			developmentRegion = en;
			hasScannedForEncodings = 0;
			knownRegions = (
				en,
				Base,
			);
			mainGroup = 8C63FDDA29BB907300121C8D;
			productRefGroup = 8C63FDE429BB907300121C8D /* Products */;
			projectDirPath = "";
			projectRoot = "";
			targets = (
				8C63FDE229BB907300121C8D /* HW-13 */,
			);
		};
/* End PBXProject section */

/* Begin PBXResourcesBuildPhase section */
		8C63FDE129BB907300121C8D /* Resources */ = {
			isa = PBXResourcesBuildPhase;
			buildActionMask = 2147483647;
			files = (
				8C63FDF329BB907600121C8D /* LaunchScreen.storyboard in Resources */,
				8C63FDF029BB907600121C8D /* Assets.xcassets in Resources */,
			);
			runOnlyForDeploymentPostprocessing = 0;
		};
/* End PBXResourcesBuildPhase section */

/* Begin PBXSourcesBuildPhase section */
		8C63FDDF29BB907300121C8D /* Sources */ = {
			isa = PBXSourcesBuildPhase;
			buildActionMask = 2147483647;
			files = (
				8C50F72829D078590049C355 /* SettingsController.swift in Sources */,
				8C50F72629D078470049C355 /* SettingView.swift in Sources */,
				8C63FE0229BB990F00121C8D /* Model.swift in Sources */,
				8C50F72C29D078820049C355 /* DetailView.swift in Sources */,
				8C63FE0029BB98D600121C8D /* TableViewCell.swift in Sources */,
				8C63FDE729BB907300121C8D /* AppDelegate.swift in Sources */,
				8C50F72A29D078720049C355 /* DetailController.swift in Sources */,
				8C63FDE929BB907300121C8D /* SceneDelegate.swift in Sources */,
			);
			runOnlyForDeploymentPostprocessing = 0;
		};
/* End PBXSourcesBuildPhase section */

/* Begin PBXVariantGroup section */
		8C63FDF129BB907600121C8D /* LaunchScreen.storyboard */ = {
			isa = PBXVariantGroup;
			children = (
				8C63FDF229BB907600121C8D /* Base */,
			);
			name = LaunchScreen.storyboard;
			sourceTree = "<group>";
		};
/* End PBXVariantGroup section */

/* Begin XCBuildConfiguration section */
		8C63FDF529BB907600121C8D /* Debug */ = {
			isa = XCBuildConfiguration;
			buildSettings = {
				ALWAYS_SEARCH_USER_PATHS = NO;
				CLANG_ANALYZER_NONNULL = YES;
				CLANG_ANALYZER_NUMBER_OBJECT_CONVERSION = YES_AGGRESSIVE;
				CLANG_CXX_LANGUAGE_STANDARD = "gnu++17";
				CLANG_CXX_LIBRARY = "libc++";
				CLANG_ENABLE_MODULES = YES;
				CLANG_ENABLE_OBJC_ARC = YES;
				CLANG_ENABLE_OBJC_WEAK = YES;
				CLANG_WARN_BLOCK_CAPTURE_AUTORELEASING = YES;
				CLANG_WARN_BOOL_CONVERSION = YES;
				CLANG_WARN_COMMA = YES;
				CLANG_WARN_CONSTANT_CONVERSION = YES;
				CLANG_WARN_DEPRECATED_OBJC_IMPLEMENTATIONS = YES;
				CLANG_WARN_DIRECT_OBJC_ISA_USAGE = YES_ERROR;
				CLANG_WARN_DOCUMENTATION_COMMENTS = YES;
				CLANG_WARN_EMPTY_BODY = YES;
				CLANG_WARN_ENUM_CONVERSION = YES;
				CLANG_WARN_INFINITE_RECURSION = YES;
				CLANG_WARN_INT_CONVERSION = YES;
				CLANG_WARN_NON_LITERAL_NULL_CONVERSION = YES;
				CLANG_WARN_OBJC_IMPLICIT_RETAIN_SELF = YES;
				CLANG_WARN_OBJC_LITERAL_CONVERSION = YES;
				CLANG_WARN_OBJC_ROOT_CLASS = YES_ERROR;
				CLANG_WARN_QUOTED_INCLUDE_IN_FRAMEWORK_HEADER = YES;
				CLANG_WARN_RANGE_LOOP_ANALYSIS = YES;
				CLANG_WARN_STRICT_PROTOTYPES = YES;
				CLANG_WARN_SUSPICIOUS_MOVE = YES;
				CLANG_WARN_UNGUARDED_AVAILABILITY = YES_AGGRESSIVE;
				CLANG_WARN_UNREACHABLE_CODE = YES;
				CLANG_WARN__DUPLICATE_METHOD_MATCH = YES;
				COPY_PHASE_STRIP = NO;
				DEBUG_INFORMATION_FORMAT = dwarf;
				ENABLE_STRICT_OBJC_MSGSEND = YES;
				ENABLE_TESTABILITY = YES;
				GCC_C_LANGUAGE_STANDARD = gnu11;
				GCC_DYNAMIC_NO_PIC = NO;
				GCC_NO_COMMON_BLOCKS = YES;
				GCC_OPTIMIZATION_LEVEL = 0;
				GCC_PREPROCESSOR_DEFINITIONS = (
					"DEBUG=1",
					"$(inherited)",
				);
				GCC_WARN_64_TO_32_BIT_CONVERSION = YES;
				GCC_WARN_ABOUT_RETURN_TYPE = YES_ERROR;
				GCC_WARN_UNDECLARED_SELECTOR = YES;
				GCC_WARN_UNINITIALIZED_AUTOS = YES_AGGRESSIVE;
				GCC_WARN_UNUSED_FUNCTION = YES;
				GCC_WARN_UNUSED_VARIABLE = YES;
				IPHONEOS_DEPLOYMENT_TARGET = 15.2;
				MTL_ENABLE_DEBUG_INFO = INCLUDE_SOURCE;
				MTL_FAST_MATH = YES;
				ONLY_ACTIVE_ARCH = YES;
				SDKROOT = iphoneos;
				SWIFT_ACTIVE_COMPILATION_CONDITIONS = DEBUG;
				SWIFT_OPTIMIZATION_LEVEL = "-Onone";
			};
			name = Debug;
		};
		8C63FDF629BB907600121C8D /* Release */ = {
			isa = XCBuildConfiguration;
			buildSettings = {
				ALWAYS_SEARCH_USER_PATHS = NO;
				CLANG_ANALYZER_NONNULL = YES;
				CLANG_ANALYZER_NUMBER_OBJECT_CONVERSION = YES_AGGRESSIVE;
				CLANG_CXX_LANGUAGE_STANDARD = "gnu++17";
				CLANG_CXX_LIBRARY = "libc++";
				CLANG_ENABLE_MODULES = YES;
				CLANG_ENABLE_OBJC_ARC = YES;
				CLANG_ENABLE_OBJC_WEAK = YES;
				CLANG_WARN_BLOCK_CAPTURE_AUTORELEASING = YES;
				CLANG_WARN_BOOL_CONVERSION = YES;
				CLANG_WARN_COMMA = YES;
				CLANG_WARN_CONSTANT_CONVERSION = YES;
				CLANG_WARN_DEPRECATED_OBJC_IMPLEMENTATIONS = YES;
				CLANG_WARN_DIRECT_OBJC_ISA_USAGE = YES_ERROR;
				CLANG_WARN_DOCUMENTATION_COMMENTS = YES;
				CLANG_WARN_EMPTY_BODY = YES;
				CLANG_WARN_ENUM_CONVERSION = YES;
				CLANG_WARN_INFINITE_RECURSION = YES;
				CLANG_WARN_INT_CONVERSION = YES;
				CLANG_WARN_NON_LITERAL_NULL_CONVERSION = YES;
				CLANG_WARN_OBJC_IMPLICIT_RETAIN_SELF = YES;
				CLANG_WARN_OBJC_LITERAL_CONVERSION = YES;
				CLANG_WARN_OBJC_ROOT_CLASS = YES_ERROR;
				CLANG_WARN_QUOTED_INCLUDE_IN_FRAMEWORK_HEADER = YES;
				CLANG_WARN_RANGE_LOOP_ANALYSIS = YES;
				CLANG_WARN_STRICT_PROTOTYPES = YES;
				CLANG_WARN_SUSPICIOUS_MOVE = YES;
				CLANG_WARN_UNGUARDED_AVAILABILITY = YES_AGGRESSIVE;
				CLANG_WARN_UNREACHABLE_CODE = YES;
				CLANG_WARN__DUPLICATE_METHOD_MATCH = YES;
				COPY_PHASE_STRIP = NO;
				DEBUG_INFORMATION_FORMAT = "dwarf-with-dsym";
				ENABLE_NS_ASSERTIONS = NO;
				ENABLE_STRICT_OBJC_MSGSEND = YES;
				GCC_C_LANGUAGE_STANDARD = gnu11;
				GCC_NO_COMMON_BLOCKS = YES;
				GCC_WARN_64_TO_32_BIT_CONVERSION = YES;
				GCC_WARN_ABOUT_RETURN_TYPE = YES_ERROR;
				GCC_WARN_UNDECLARED_SELECTOR = YES;
				GCC_WARN_UNINITIALIZED_AUTOS = YES_AGGRESSIVE;
				GCC_WARN_UNUSED_FUNCTION = YES;
				GCC_WARN_UNUSED_VARIABLE = YES;
				IPHONEOS_DEPLOYMENT_TARGET = 15.2;
				MTL_ENABLE_DEBUG_INFO = NO;
				MTL_FAST_MATH = YES;
				SDKROOT = iphoneos;
				SWIFT_COMPILATION_MODE = wholemodule;
				SWIFT_OPTIMIZATION_LEVEL = "-O";
				VALIDATE_PRODUCT = YES;
			};
			name = Release;
		};
		8C63FDF829BB907600121C8D /* Debug */ = {
			isa = XCBuildConfiguration;
			buildSettings = {
				ASSETCATALOG_COMPILER_APPICON_NAME = AppIcon;
				ASSETCATALOG_COMPILER_GLOBAL_ACCENT_COLOR_NAME = AccentColor;
				CODE_SIGN_STYLE = Automatic;
				CURRENT_PROJECT_VERSION = 1;
				GENERATE_INFOPLIST_FILE = YES;
				INFOPLIST_FILE = "HW-13/Resources/Configuration/Info.plist";
				INFOPLIST_KEY_UIApplicationSupportsIndirectInputEvents = YES;
				INFOPLIST_KEY_UILaunchStoryboardName = LaunchScreen;
				INFOPLIST_KEY_UISupportedInterfaceOrientations_iPad = "UIInterfaceOrientationPortrait UIInterfaceOrientationPortraitUpsideDown UIInterfaceOrientationLandscapeLeft UIInterfaceOrientationLandscapeRight";
				INFOPLIST_KEY_UISupportedInterfaceOrientations_iPhone = "UIInterfaceOrientationPortrait UIInterfaceOrientationLandscapeLeft UIInterfaceOrientationLandscapeRight";
				LD_RUNPATH_SEARCH_PATHS = (
					"$(inherited)",
					"@executable_path/Frameworks",
				);
				MARKETING_VERSION = 1.0;
				PRODUCT_BUNDLE_IDENTIFIER = "kz.HW-13";
				PRODUCT_NAME = "$(TARGET_NAME)";
				SWIFT_EMIT_LOC_STRINGS = YES;
				SWIFT_VERSION = 5.0;
				TARGETED_DEVICE_FAMILY = "1,2";
			};
			name = Debug;
		};
		8C63FDF929BB907600121C8D /* Release */ = {
			isa = XCBuildConfiguration;
			buildSettings = {
				ASSETCATALOG_COMPILER_APPICON_NAME = AppIcon;
				ASSETCATALOG_COMPILER_GLOBAL_ACCENT_COLOR_NAME = AccentColor;
				CODE_SIGN_STYLE = Automatic;
				CURRENT_PROJECT_VERSION = 1;
				GENERATE_INFOPLIST_FILE = YES;
				INFOPLIST_FILE = "HW-13/Resources/Configuration/Info.plist";
				INFOPLIST_KEY_UIApplicationSupportsIndirectInputEvents = YES;
				INFOPLIST_KEY_UILaunchStoryboardName = LaunchScreen;
				INFOPLIST_KEY_UISupportedInterfaceOrientations_iPad = "UIInterfaceOrientationPortrait UIInterfaceOrientationPortraitUpsideDown UIInterfaceOrientationLandscapeLeft UIInterfaceOrientationLandscapeRight";
				INFOPLIST_KEY_UISupportedInterfaceOrientations_iPhone = "UIInterfaceOrientationPortrait UIInterfaceOrientationLandscapeLeft UIInterfaceOrientationLandscapeRight";
				LD_RUNPATH_SEARCH_PATHS = (
					"$(inherited)",
					"@executable_path/Frameworks",
				);
				MARKETING_VERSION = 1.0;
				PRODUCT_BUNDLE_IDENTIFIER = "kz.HW-13";
				PRODUCT_NAME = "$(TARGET_NAME)";
				SWIFT_EMIT_LOC_STRINGS = YES;
				SWIFT_VERSION = 5.0;
				TARGETED_DEVICE_FAMILY = "1,2";
			};
			name = Release;
		};
/* End XCBuildConfiguration section */

/* Begin XCConfigurationList section */
		8C63FDDE29BB907300121C8D /* Build configuration list for PBXProject "HW-13" */ = {
			isa = XCConfigurationList;
			buildConfigurations = (
				8C63FDF529BB907600121C8D /* Debug */,
				8C63FDF629BB907600121C8D /* Release */,
			);
			defaultConfigurationIsVisible = 0;
			defaultConfigurationName = Release;
		};
		8C63FDF729BB907600121C8D /* Build configuration list for PBXNativeTarget "HW-13" */ = {
			isa = XCConfigurationList;
			buildConfigurations = (
				8C63FDF829BB907600121C8D /* Debug */,
				8C63FDF929BB907600121C8D /* Release */,
			);
			defaultConfigurationIsVisible = 0;
			defaultConfigurationName = Release;
		};
/* End XCConfigurationList section */
	};
	rootObject = 8C63FDDB29BB907300121C8D /* Project object */;
}
